
Microsoft Visual Studio Solution File, Format Version 12.00
# Visual Studio Version 16
VisualStudioVersion = 16.0.32630.194
MinimumVisualStudioVersion = 10.0.40219.1
Project("{9A19103F-16F7-4668-BE54-9A1E7A4F7556}") = "Foody_project", "Foody_project\Foody_project.csproj", "{21C9A8AB-9122-4C01-8932-7FEF154239F3}"
EndProject
Project("{FAE04EC0-301F-11D3-BF4B-00C04F79EFBC}") = "FoodyDAL", "FoodyDAL\FoodyDAL.csproj", "{86AF63E2-102C-4CA5-8F58-1D94990B03DA}"
EndProject
Project("{FAE04EC0-301F-11D3-BF4B-00C04F79EFBC}") = "FoodyDl", "FoodyDl\FoodyDl.csproj", "{15918F16-1A04-4485-8513-3EC85372C4CB}"
EndProject
Global
	GlobalSection(SolutionConfigurationPlatforms) = preSolution
		Debug|Any CPU = Debug|Any CPU
		Release|Any CPU = Release|Any CPU
	EndGlobalSection
	GlobalSection(ProjectConfigurationPlatforms) = postSolution
		{21C9A8AB-9122-4C01-8932-7FEF154239F3}.Debug|Any CPU.ActiveCfg = Debug|Any CPU
		{21C9A8AB-9122-4C01-8932-7FEF154239F3}.Debug|Any CPU.Build.0 = Debug|Any CPU
		{21C9A8AB-9122-4C01-8932-7FEF154239F3}.Release|Any CPU.ActiveCfg = Release|Any CPU
		{21C9A8AB-9122-4C01-8932-7FEF154239F3}.Release|Any CPU.Build.0 = Release|Any CPU
		{86AF63E2-102C-4CA5-8F58-1D94990B03DA}.Debug|Any CPU.ActiveCfg = Debug|Any CPU
		{86AF63E2-102C-4CA5-8F58-1D94990B03DA}.Debug|Any CPU.Build.0 = Debug|Any CPU
		{86AF63E2-102C-4CA5-8F58-1D94990B03DA}.Release|Any CPU.ActiveCfg = Release|Any CPU
		{86AF63E2-102C-4CA5-8F58-1D94990B03DA}.Release|Any CPU.Build.0 = Release|Any CPU
		{15918F16-1A04-4485-8513-3EC85372C4CB}.Debug|Any CPU.ActiveCfg = Debug|Any CPU
		{15918F16-1A04-4485-8513-3EC85372C4CB}.Debug|Any CPU.Build.0 = Debug|Any CPU
		{15918F16-1A04-4485-8513-3EC85372C4CB}.Release|Any CPU.ActiveCfg = Release|Any CPU
		{15918F16-1A04-4485-8513-3EC85372C4CB}.Release|Any CPU.Build.0 = Release|Any CPU
	EndGlobalSection
	GlobalSection(SolutionProperties) = preSolution
		HideSolutionNode = FALSE
	EndGlobalSection
	GlobalSection(ExtensibilityGlobals) = postSolution
		SolutionGuid = {C7B40828-2616-421B-B703-C2FB72A0E3FF}
	EndGlobalSection
EndGlobal
